{
  "version": 4,
  "terraform_version": "0.12.7",
  "serial": 4,
  "lineage": "4163f988-6f4c-4e08-8d1b-405d243e7286",
  "outputs": {},
  "resources": [
    {
      "mode": "managed",
      "type": "aws_iam_role",
      "name": "terraform_test_lambda_role",
      "provider": "provider.aws",
      "instances": [
        {
          "schema_version": 0,
          "attributes": {
            "arn": "arn:aws:iam::431225637083:role/terraform_test_lambda_role",
            "assume_role_policy": "{\"Version\":\"2012-10-17\",\"Statement\":[{\"Sid\":\"\",\"Effect\":\"Allow\",\"Principal\":{\"Service\":\"lambda.amazonaws.com\"},\"Action\":\"sts:AssumeRole\"}]}",
            "create_date": "2020-01-06T04:52:58Z",
            "description": "",
            "force_detach_policies": false,
            "id": "terraform_test_lambda_role",
            "max_session_duration": 3600,
            "name": "terraform_test_lambda_role",
            "name_prefix": null,
            "path": "/",
            "permissions_boundary": null,
            "tags": {},
            "unique_id": "AROAWIZYNBDNWOK7J4T6B"
          },
          "private": "bnVsbA=="
        }
      ]
    },
    {
      "mode": "managed",
      "type": "aws_lambda_function",
      "name": "terraform_lambda",
      "provider": "provider.aws",
      "instances": [
        {
          "schema_version": 0,
          "attributes": {
            "arn": "arn:aws:lambda:eu-west-1:431225637083:function:terraform_test_function",
            "dead_letter_config": [],
            "description": "",
            "environment": [],
            "filename": "lambda.py.zip",
            "function_name": "terraform_test_function",
            "handler": "lambda.handler",
            "id": "terraform_test_function",
            "invoke_arn": "arn:aws:apigateway:eu-west-1:lambda:path/2015-03-31/functions/arn:aws:lambda:eu-west-1:431225637083:function:terraform_test_function/invocations",
            "kms_key_arn": "",
            "last_modified": "2020-01-06T06:44:08.927+0000",
            "layers": null,
            "memory_size": 128,
            "publish": false,
            "qualified_arn": "arn:aws:lambda:eu-west-1:431225637083:function:terraform_test_function:$LATEST",
            "reserved_concurrent_executions": -1,
            "role": "arn:aws:iam::431225637083:role/terraform_test_lambda_role",
            "runtime": "python3.7",
            "s3_bucket": null,
            "s3_key": null,
            "s3_object_version": null,
            "source_code_hash": "+fyn9aNri+SeJnwmRiwZddQVrZEmAc7p0szzZoR1QHQ=",
            "source_code_size": 246,
            "tags": null,
            "timeout": 3,
            "timeouts": null,
            "tracing_config": [
              {
                "mode": "PassThrough"
              }
            ],
            "version": "$LATEST",
            "vpc_config": []
          },
          "private": "eyJlMmJmYjczMC1lY2FhLTExZTYtOGY4OC0zNDM2M2JjN2M0YzAiOnsiY3JlYXRlIjo2MDAwMDAwMDAwMDB9fQ==",
          "depends_on": [
            "aws_iam_role.terraform_test_lambda_role"
          ]
        }
      ]
    }
  ]
}
